
Microsoft Visual Studio Solution File, Format Version 12.00
# Visual Studio Version 16
VisualStudioVersion = 16.0.31624.102
MinimumVisualStudioVersion = 10.0.40219.1
Project("{FAE04EC0-301F-11D3-BF4B-00C04F79EFBC}") = "TurnupLogin", "TurnupLogin.csproj", "{67B74700-8DE9-44B7-A00A-B0C6D859D676}"
EndProject
Global
	GlobalSection(SolutionConfigurationPlatforms) = preSolution
		Debug|Any CPU = Debug|Any CPU
		Release|Any CPU = Release|Any CPU
	EndGlobalSection
	GlobalSection(ProjectConfigurationPlatforms) = postSolution
		{67B74700-8DE9-44B7-A00A-B0C6D859D676}.Debug|Any CPU.ActiveCfg = Debug|Any CPU
		{67B74700-8DE9-44B7-A00A-B0C6D859D676}.Debug|Any CPU.Build.0 = Debug|Any CPU
		{67B74700-8DE9-44B7-A00A-B0C6D859D676}.Release|Any CPU.ActiveCfg = Release|Any CPU
		{67B74700-8DE9-44B7-A00A-B0C6D859D676}.Release|Any CPU.Build.0 = Release|Any CPU
	EndGlobalSection
	GlobalSection(SolutionProperties) = preSolution
		HideSolutionNode = FALSE
	EndGlobalSection
	GlobalSection(ExtensibilityGlobals) = postSolution
		SolutionGuid = {5E82A4FA-BD32-4348-9E67-AEDD8F82613C}
	EndGlobalSection
EndGlobal
